
Microsoft Visual Studio Solution File, Format Version 12.00
# Visual Studio Version 16
VisualStudioVersion = 16.0.32413.511
MinimumVisualStudioVersion = 10.0.40219.1
Project("{FAE04EC0-301F-11D3-BF4B-00C04F79EFBC}") = "Tamagotchi-Using-Pokemon", "Tamagotchi-Using-Pokemon\Tamagotchi-Using-Pokemon.csproj", "{04D44256-94A9-43BB-BD4B-9D35A35F8818}"
EndProject
Global
	GlobalSection(SolutionConfigurationPlatforms) = preSolution
		Debug|Any CPU = Debug|Any CPU
		Release|Any CPU = Release|Any CPU
	EndGlobalSection
	GlobalSection(ProjectConfigurationPlatforms) = postSolution
		{04D44256-94A9-43BB-BD4B-9D35A35F8818}.Debug|Any CPU.ActiveCfg = Debug|Any CPU
		{04D44256-94A9-43BB-BD4B-9D35A35F8818}.Debug|Any CPU.Build.0 = Debug|Any CPU
		{04D44256-94A9-43BB-BD4B-9D35A35F8818}.Release|Any CPU.ActiveCfg = Release|Any CPU
		{04D44256-94A9-43BB-BD4B-9D35A35F8818}.Release|Any CPU.Build.0 = Release|Any CPU
	EndGlobalSection
	GlobalSection(SolutionProperties) = preSolution
		HideSolutionNode = FALSE
	EndGlobalSection
	GlobalSection(ExtensibilityGlobals) = postSolution
		SolutionGuid = {137BE269-3F1E-41B3-BA3B-64548EC67CBC}
	EndGlobalSection
EndGlobal
